
Microsoft Visual Studio Solution File, Format Version 12.00
# Visual Studio 2015
Project("{FAE04EC0-301F-11D3-BF4B-00C04F79EFBC}") = "Idle RPG.CSharp", "Idle RPG.CSharp.csproj", "{32D714F9-55C1-987C-5E61-356694DE1C0A}"
EndProject
Global
	GlobalSection(SolutionConfigurationPlatforms) = preSolution
		Debug|Any CPU = Debug|Any CPU
		Release|Any CPU = Release|Any CPU
	EndGlobalSection
	GlobalSection(ProjectConfigurationPlatforms) = postSolution
		{32D714F9-55C1-987C-5E61-356694DE1C0A}.Debug|Any CPU.ActiveCfg = Debug|Any CPU
		{32D714F9-55C1-987C-5E61-356694DE1C0A}.Debug|Any CPU.Build.0 = Debug|Any CPU
		{32D714F9-55C1-987C-5E61-356694DE1C0A}.Release|Any CPU.ActiveCfg = Release|Any CPU
		{32D714F9-55C1-987C-5E61-356694DE1C0A}.Release|Any CPU.Build.0 = Release|Any CPU
	EndGlobalSection
	GlobalSection(SolutionProperties) = preSolution
		HideSolutionNode = FALSE
	EndGlobalSection
EndGlobal
